
Microsoft Visual Studio Solution File, Format Version 12.00
# Visual Studio Version 17
VisualStudioVersion = 17.4.33205.214
MinimumVisualStudioVersion = 10.0.40219.1
Project("{9A19103F-16F7-4668-BE54-9A1E7A4F7556}") = "Session-11", "Session-11\Session-11.csproj", "{39F89C0F-4C67-41EC-872B-1FDEDCD9E7AF}"
EndProject
Project("{FAE04EC0-301F-11D3-BF4B-00C04F79EFBC}") = "EF.PetShop.Model", "EF.PetShop.Model\EF.PetShop.Model.csproj", "{5F5C88CD-F753-4610-A912-600ED41A7699}"
EndProject
Project("{FAE04EC0-301F-11D3-BF4B-00C04F79EFBC}") = "EF.PetShop.Orm", "EF.PetShop.Orm\EF.PetShop.Orm.csproj", "{1F0B4EFF-9CE2-48F1-8145-E7C7E42471FB}"
EndProject
Global
	GlobalSection(SolutionConfigurationPlatforms) = preSolution
		Debug|Any CPU = Debug|Any CPU
		Release|Any CPU = Release|Any CPU
	EndGlobalSection
	GlobalSection(ProjectConfigurationPlatforms) = postSolution
		{39F89C0F-4C67-41EC-872B-1FDEDCD9E7AF}.Debug|Any CPU.ActiveCfg = Debug|Any CPU
		{39F89C0F-4C67-41EC-872B-1FDEDCD9E7AF}.Debug|Any CPU.Build.0 = Debug|Any CPU
		{39F89C0F-4C67-41EC-872B-1FDEDCD9E7AF}.Release|Any CPU.ActiveCfg = Release|Any CPU
		{39F89C0F-4C67-41EC-872B-1FDEDCD9E7AF}.Release|Any CPU.Build.0 = Release|Any CPU
		{5F5C88CD-F753-4610-A912-600ED41A7699}.Debug|Any CPU.ActiveCfg = Debug|Any CPU
		{5F5C88CD-F753-4610-A912-600ED41A7699}.Debug|Any CPU.Build.0 = Debug|Any CPU
		{5F5C88CD-F753-4610-A912-600ED41A7699}.Release|Any CPU.ActiveCfg = Release|Any CPU
		{5F5C88CD-F753-4610-A912-600ED41A7699}.Release|Any CPU.Build.0 = Release|Any CPU
		{1F0B4EFF-9CE2-48F1-8145-E7C7E42471FB}.Debug|Any CPU.ActiveCfg = Debug|Any CPU
		{1F0B4EFF-9CE2-48F1-8145-E7C7E42471FB}.Debug|Any CPU.Build.0 = Debug|Any CPU
		{1F0B4EFF-9CE2-48F1-8145-E7C7E42471FB}.Release|Any CPU.ActiveCfg = Release|Any CPU
		{1F0B4EFF-9CE2-48F1-8145-E7C7E42471FB}.Release|Any CPU.Build.0 = Release|Any CPU
	EndGlobalSection
	GlobalSection(SolutionProperties) = preSolution
		HideSolutionNode = FALSE
	EndGlobalSection
	GlobalSection(ExtensibilityGlobals) = postSolution
		SolutionGuid = {DC30CE18-98CD-4FF0-B833-6240F03A833F}
	EndGlobalSection
EndGlobal
