
Microsoft Visual Studio Solution File, Format Version 12.00
# Visual Studio Version 17
VisualStudioVersion = 17.4.33213.308
MinimumVisualStudioVersion = 10.0.40219.1
Project("{FAE04EC0-301F-11D3-BF4B-00C04F79EFBC}") = "Session-03", "Session-03\Session-03.csproj", "{C6B4976D-C1CB-4A30-B1A2-9FF79AE1F963}"
EndProject
Global
	GlobalSection(SolutionConfigurationPlatforms) = preSolution
		Debug|Any CPU = Debug|Any CPU
		Release|Any CPU = Release|Any CPU
	EndGlobalSection
	GlobalSection(ProjectConfigurationPlatforms) = postSolution
		{C6B4976D-C1CB-4A30-B1A2-9FF79AE1F963}.Debug|Any CPU.ActiveCfg = Debug|Any CPU
		{C6B4976D-C1CB-4A30-B1A2-9FF79AE1F963}.Debug|Any CPU.Build.0 = Debug|Any CPU
		{C6B4976D-C1CB-4A30-B1A2-9FF79AE1F963}.Release|Any CPU.ActiveCfg = Release|Any CPU
		{C6B4976D-C1CB-4A30-B1A2-9FF79AE1F963}.Release|Any CPU.Build.0 = Release|Any CPU
	EndGlobalSection
	GlobalSection(SolutionProperties) = preSolution
		HideSolutionNode = FALSE
	EndGlobalSection
	GlobalSection(ExtensibilityGlobals) = postSolution
		SolutionGuid = {03E0AA21-456A-473C-946F-7DEDC7A71DCB}
	EndGlobalSection
EndGlobal
