
Microsoft Visual Studio Solution File, Format Version 12.00
# Visual Studio Version 17
VisualStudioVersion = 17.4.33213.308
MinimumVisualStudioVersion = 10.0.40219.1
Project("{FAE04EC0-301F-11D3-BF4B-00C04F79EFBC}") = "Session26.Server", "Session26\Server\Session26.Server.csproj", "{276D659E-52A8-4937-ABCB-5730916E8CB4}"
EndProject
Project("{FAE04EC0-301F-11D3-BF4B-00C04F79EFBC}") = "Session26.Client", "Session26\Client\Session26.Client.csproj", "{54B2DE4C-C7A7-4B56-990B-4C45833D3DDD}"
EndProject
Project("{FAE04EC0-301F-11D3-BF4B-00C04F79EFBC}") = "Session26.Shared", "Session26\Shared\Session26.Shared.csproj", "{5A080D09-8D0D-41F5-AD46-F5432BFBED2F}"
EndProject
Global
	GlobalSection(SolutionConfigurationPlatforms) = preSolution
		Debug|Any CPU = Debug|Any CPU
		Release|Any CPU = Release|Any CPU
	EndGlobalSection
	GlobalSection(ProjectConfigurationPlatforms) = postSolution
		{276D659E-52A8-4937-ABCB-5730916E8CB4}.Debug|Any CPU.ActiveCfg = Debug|Any CPU
		{276D659E-52A8-4937-ABCB-5730916E8CB4}.Debug|Any CPU.Build.0 = Debug|Any CPU
		{276D659E-52A8-4937-ABCB-5730916E8CB4}.Release|Any CPU.ActiveCfg = Release|Any CPU
		{276D659E-52A8-4937-ABCB-5730916E8CB4}.Release|Any CPU.Build.0 = Release|Any CPU
		{54B2DE4C-C7A7-4B56-990B-4C45833D3DDD}.Debug|Any CPU.ActiveCfg = Debug|Any CPU
		{54B2DE4C-C7A7-4B56-990B-4C45833D3DDD}.Debug|Any CPU.Build.0 = Debug|Any CPU
		{54B2DE4C-C7A7-4B56-990B-4C45833D3DDD}.Release|Any CPU.ActiveCfg = Release|Any CPU
		{54B2DE4C-C7A7-4B56-990B-4C45833D3DDD}.Release|Any CPU.Build.0 = Release|Any CPU
		{5A080D09-8D0D-41F5-AD46-F5432BFBED2F}.Debug|Any CPU.ActiveCfg = Debug|Any CPU
		{5A080D09-8D0D-41F5-AD46-F5432BFBED2F}.Debug|Any CPU.Build.0 = Debug|Any CPU
		{5A080D09-8D0D-41F5-AD46-F5432BFBED2F}.Release|Any CPU.ActiveCfg = Release|Any CPU
		{5A080D09-8D0D-41F5-AD46-F5432BFBED2F}.Release|Any CPU.Build.0 = Release|Any CPU
	EndGlobalSection
	GlobalSection(SolutionProperties) = preSolution
		HideSolutionNode = FALSE
	EndGlobalSection
	GlobalSection(ExtensibilityGlobals) = postSolution
		SolutionGuid = {7D45BBFE-B6F2-4BE9-A281-DF2F610AA8FE}
	EndGlobalSection
EndGlobal
